
Microsoft Visual Studio Solution File, Format Version 12.00
# Visual Studio 15
VisualStudioVersion = 15.0.27130.2024
MinimumVisualStudioVersion = 10.0.40219.1
Project("{9A19103F-16F7-4668-BE54-9A1E7A4F7556}") = "ClickerService", "ClickerService\ClickerService.csproj", "{D14D284F-B461-472A-A757-13426ACD1D44}"
EndProject
Project("{9A19103F-16F7-4668-BE54-9A1E7A4F7556}") = "ClickerRepository", "ClickerRepository\ClickerRepository.csproj", "{BD301130-A09B-45FD-A883-58DFDFC78375}"
EndProject
Project("{9A19103F-16F7-4668-BE54-9A1E7A4F7556}") = "ClickerModels", "ClickerModels\ClickerModels.csproj", "{B21CFB85-5A1B-4F4F-AB97-3CDEEA895DA4}"
EndProject
Global
	GlobalSection(SolutionConfigurationPlatforms) = preSolution
		Debug|Any CPU = Debug|Any CPU
		Release|Any CPU = Release|Any CPU
	EndGlobalSection
	GlobalSection(ProjectConfigurationPlatforms) = postSolution
		{D14D284F-B461-472A-A757-13426ACD1D44}.Debug|Any CPU.ActiveCfg = Debug|Any CPU
		{D14D284F-B461-472A-A757-13426ACD1D44}.Debug|Any CPU.Build.0 = Debug|Any CPU
		{D14D284F-B461-472A-A757-13426ACD1D44}.Release|Any CPU.ActiveCfg = Release|Any CPU
		{D14D284F-B461-472A-A757-13426ACD1D44}.Release|Any CPU.Build.0 = Release|Any CPU
		{BD301130-A09B-45FD-A883-58DFDFC78375}.Debug|Any CPU.ActiveCfg = Debug|Any CPU
		{BD301130-A09B-45FD-A883-58DFDFC78375}.Debug|Any CPU.Build.0 = Debug|Any CPU
		{BD301130-A09B-45FD-A883-58DFDFC78375}.Release|Any CPU.ActiveCfg = Release|Any CPU
		{BD301130-A09B-45FD-A883-58DFDFC78375}.Release|Any CPU.Build.0 = Release|Any CPU
		{B21CFB85-5A1B-4F4F-AB97-3CDEEA895DA4}.Debug|Any CPU.ActiveCfg = Debug|Any CPU
		{B21CFB85-5A1B-4F4F-AB97-3CDEEA895DA4}.Debug|Any CPU.Build.0 = Debug|Any CPU
		{B21CFB85-5A1B-4F4F-AB97-3CDEEA895DA4}.Release|Any CPU.ActiveCfg = Release|Any CPU
		{B21CFB85-5A1B-4F4F-AB97-3CDEEA895DA4}.Release|Any CPU.Build.0 = Release|Any CPU
	EndGlobalSection
	GlobalSection(SolutionProperties) = preSolution
		HideSolutionNode = FALSE
	EndGlobalSection
	GlobalSection(ExtensibilityGlobals) = postSolution
		SolutionGuid = {46737ECE-676A-4077-A58E-E08A0B26A49D}
	EndGlobalSection
EndGlobal
